// !$*UTF8*$!
{
	archiveVersion = 1;
	classes = {
	};
	objectVersion = 77;
	objects = {

/* Begin PBXBuildFile section */
		210F78112F8E4C850000B61B /* Anvil in Frameworks */ = {isa = PBXBuildFile; productRef = 210F78162F8E4C850000B61B /* Anvil */; };
		210F78122F8E4C850000B61B /* TaskWorkspaceContracts in Frameworks */ = {isa = PBXBuildFile; productRef = 210F78172F8E4C850000B61B /* TaskWorkspaceContracts */; };
		210F78132F8E4C850000B61B /* TaskWorkspaceFeature in Frameworks */ = {isa = PBXBuildFile; productRef = 210F78182F8E4C850000B61B /* TaskWorkspaceFeature */; };
		210F78142F8E4C850000B61B /* HephaestusComposition in Frameworks */ = {isa = PBXBuildFile; productRef = 210F78192F8E4C850000B61B /* HephaestusComposition */; };
		210F78152F8E4C850000B61B /* HephaestusRuntime in Frameworks */ = {isa = PBXBuildFile; productRef = 210F781A2F8E4C850000B61B /* HephaestusRuntime */; };
		210F78272F8E4C850000B61B /* AnvilTheme in Frameworks */ = {isa = PBXBuildFile; productRef = 210F78252F8E4C850000B61B /* AnvilTheme */; };
		210F78282F8E4C850000B61B /* AnvilUI in Frameworks */ = {isa = PBXBuildFile; productRef = 210F78262F8E4C850000B61B /* AnvilUI */; };
/* End PBXBuildFile section */

/* Begin PBXContainerItemProxy section */
		210F77F52F8E4C850000B61B /* PBXContainerItemProxy */ = {
			isa = PBXContainerItemProxy;
			containerPortal = 210F77DD2F8E4C840000B61B /* Project object */;
			proxyType = 1;
			remoteGlobalIDString = 210F77E42F8E4C840000B61B;
			remoteInfo = Hephaestus;
		};
		210F77FF2F8E4C850000B61B /* PBXContainerItemProxy */ = {
			isa = PBXContainerItemProxy;
			containerPortal = 210F77DD2F8E4C840000B61B /* Project object */;
			proxyType = 1;
			remoteGlobalIDString = 210F77E42F8E4C840000B61B;
			remoteInfo = Hephaestus;
		};
/* End PBXContainerItemProxy section */

/* Begin PBXFileReference section */
		210F77E52F8E4C840000B61B /* Hephaestus.app */ = {isa = PBXFileReference; explicitFileType = wrapper.application; includeInIndex = 0; path = Hephaestus.app; sourceTree = BUILT_PRODUCTS_DIR; };
		210F77F42F8E4C850000B61B /* HephaestusTests.xctest */ = {isa = PBXFileReference; explicitFileType = wrapper.cfbundle; includeInIndex = 0; path = HephaestusTests.xctest; sourceTree = BUILT_PRODUCTS_DIR; };
		210F77FE2F8E4C850000B61B /* HephaestusUITests.xctest */ = {isa = PBXFileReference; explicitFileType = wrapper.cfbundle; includeInIndex = 0; path = HephaestusUITests.xctest; sourceTree = BUILT_PRODUCTS_DIR; };
/* End PBXFileReference section */

/* Begin PBXFileSystemSynchronizedRootGroup section */
		210F77E72F8E4C840000B61B /* Hephaestus */ = {
			isa = PBXFileSystemSynchronizedRootGroup;
			path = Hephaestus;
			sourceTree = "<group>";
		};
		210F77F72F8E4C850000B61B /* HephaestusTests */ = {
			isa = PBXFileSystemSynchronizedRootGroup;
			path = HephaestusTests;
			sourceTree = "<group>";
		};
		210F78012F8E4C850000B61B /* HephaestusUITests */ = {
			isa = PBXFileSystemSynchronizedRootGroup;
			path = HephaestusUITests;
			sourceTree = "<group>";
		};
/* End PBXFileSystemSynchronizedRootGroup section */

/* Begin PBXFrameworksBuildPhase section */
		210F77E22F8E4C840000B61B /* Frameworks */ = {
			isa = PBXFrameworksBuildPhase;
			buildActionMask = 2147483647;
			files = (
				210F78112F8E4C850000B61B /* Anvil in Frameworks */,
				210F78272F8E4C850000B61B /* AnvilTheme in Frameworks */,
				210F78282F8E4C850000B61B /* AnvilUI in Frameworks */,
				210F78122F8E4C850000B61B /* TaskWorkspaceContracts in Frameworks */,
				210F78132F8E4C850000B61B /* TaskWorkspaceFeature in Frameworks */,
				210F78142F8E4C850000B61B /* HephaestusComposition in Frameworks */,
				210F78152F8E4C850000B61B /* HephaestusRuntime in Frameworks */,
			);
			runOnlyForDeploymentPostprocessing = 0;
		};
		210F77F12F8E4C850000B61B /* Frameworks */ = {
			isa = PBXFrameworksBuildPhase;
			buildActionMask = 2147483647;
			files = (
			);
			runOnlyForDeploymentPostprocessing = 0;
		};
		210F77FB2F8E4C850000B61B /* Frameworks */ = {
			isa = PBXFrameworksBuildPhase;
			buildActionMask = 2147483647;
			files = (
			);
			runOnlyForDeploymentPostprocessing = 0;
		};
/* End PBXFrameworksBuildPhase section */

/* Begin PBXGroup section */
		210F77DC2F8E4C840000B61B = {
			isa = PBXGroup;
			children = (
				210F77E72F8E4C840000B61B /* Hephaestus */,
				210F77F72F8E4C850000B61B /* HephaestusTests */,
				210F78012F8E4C850000B61B /* HephaestusUITests */,
				210F77E62F8E4C840000B61B /* Products */,
			);
			sourceTree = "<group>";
		};
		210F77E62F8E4C840000B61B /* Products */ = {
			isa = PBXGroup;
			children = (
				210F77E52F8E4C840000B61B /* Hephaestus.app */,
				210F77F42F8E4C850000B61B /* HephaestusTests.xctest */,
				210F77FE2F8E4C850000B61B /* HephaestusUITests.xctest */,
			);
			name = Products;
			sourceTree = "<group>";
		};
/* End PBXGroup section */

/* Begin PBXNativeTarget section */
		210F77E42F8E4C840000B61B /* Hephaestus */ = {
			isa = PBXNativeTarget;
			buildConfigurationList = 210F78082F8E4C850000B61B /* Build configuration list for PBXNativeTarget "Hephaestus" */;
			buildPhases = (
				210F77E12F8E4C840000B61B /* Sources */,
				210F77E22F8E4C840000B61B /* Frameworks */,
				210F77E32F8E4C840000B61B /* Resources */,
			);
			buildRules = (
			);
			dependencies = (
			);
			fileSystemSynchronizedGroups = (
				210F77E72F8E4C840000B61B /* Hephaestus */,
			);
			name = Hephaestus;
			packageProductDependencies = (
				210F78162F8E4C850000B61B /* Anvil */,
				210F78252F8E4C850000B61B /* AnvilTheme */,
				210F78262F8E4C850000B61B /* AnvilUI */,
				210F78172F8E4C850000B61B /* TaskWorkspaceContracts */,
				210F78182F8E4C850000B61B /* TaskWorkspaceFeature */,
				210F78192F8E4C850000B61B /* HephaestusComposition */,
				210F781A2F8E4C850000B61B /* HephaestusRuntime */,
			);
			productName = Hephaestus;
			productReference = 210F77E52F8E4C840000B61B /* Hephaestus.app */;
			productType = "com.apple.product-type.application";
		};
		210F77F32F8E4C850000B61B /* HephaestusTests */ = {
			isa = PBXNativeTarget;
			buildConfigurationList = 210F780B2F8E4C850000B61B /* Build configuration list for PBXNativeTarget "HephaestusTests" */;
			buildPhases = (
				210F77F02F8E4C850000B61B /* Sources */,
				210F77F12F8E4C850000B61B /* Frameworks */,
				210F77F22F8E4C850000B61B /* Resources */,
			);
			buildRules = (
			);
			dependencies = (
				210F77F62F8E4C850000B61B /* PBXTargetDependency */,
			);
			fileSystemSynchronizedGroups = (
				210F77F72F8E4C850000B61B /* HephaestusTests */,
			);
			name = HephaestusTests;
			packageProductDependencies = (
			);
			productName = HephaestusTests;
			productReference = 210F77F42F8E4C850000B61B /* HephaestusTests.xctest */;
			productType = "com.apple.product-type.bundle.unit-test";
		};
		210F77FD2F8E4C850000B61B /* HephaestusUITests */ = {
			isa = PBXNativeTarget;
			buildConfigurationList = 210F780E2F8E4C850000B61B /* Build configuration list for PBXNativeTarget "HephaestusUITests" */;
			buildPhases = (
				210F77FA2F8E4C850000B61B /* Sources */,
				210F77FB2F8E4C850000B61B /* Frameworks */,
				210F77FC2F8E4C850000B61B /* Resources */,
			);
			buildRules = (
			);
			dependencies = (
				210F78002F8E4C850000B61B /* PBXTargetDependency */,
			);
			fileSystemSynchronizedGroups = (
				210F78012F8E4C850000B61B /* HephaestusUITests */,
			);
			name = HephaestusUITests;
			packageProductDependencies = (
			);
			productName = HephaestusUITests;
			productReference = 210F77FE2F8E4C850000B61B /* HephaestusUITests.xctest */;
			productType = "com.apple.product-type.bundle.ui-testing";
		};
/* End PBXNativeTarget section */

/* Begin PBXProject section */
		210F77DD2F8E4C840000B61B /* Project object */ = {
			isa = PBXProject;
			attributes = {
				BuildIndependentTargetsInParallel = 1;
				LastSwiftUpdateCheck = 2620;
				LastUpgradeCheck = 2620;
				TargetAttributes = {
					210F77E42F8E4C840000B61B = {
						CreatedOnToolsVersion = 26.2;
					};
					210F77F32F8E4C850000B61B = {
						CreatedOnToolsVersion = 26.2;
						TestTargetID = 210F77E42F8E4C840000B61B;
					};
					210F77FD2F8E4C850000B61B = {
						CreatedOnToolsVersion = 26.2;
						TestTargetID = 210F77E42F8E4C840000B61B;
					};
				};
			};
			buildConfigurationList = 210F77E02F8E4C840000B61B /* Build configuration list for PBXProject "Hephaestus" */;
			developmentRegion = en;
			hasScannedForEncodings = 0;
			knownRegions = (
				en,
				Base,
			);
			mainGroup = 210F77DC2F8E4C840000B61B;
			minimizedProjectReferenceProxies = 1;
			packageReferences = (
				210F78202F8E4C850000B61B /* XCLocalSwiftPackageReference "Anvil/Anvil" */,
				210F78292F8E4C850000B61B /* XCLocalSwiftPackageReference "Anvil/AnvilTheme" */,
				210F782A2F8E4C850000B61B /* XCLocalSwiftPackageReference "Anvil/AnvilUI" */,
				210F78212F8E4C850000B61B /* XCLocalSwiftPackageReference "Features/TaskWorkspaceContracts" */,
				210F78222F8E4C850000B61B /* XCLocalSwiftPackageReference "Features/TaskWorkspaceFeature" */,
				210F78232F8E4C850000B61B /* XCLocalSwiftPackageReference "Core/HephaestusComposition" */,
				210F78242F8E4C850000B61B /* XCLocalSwiftPackageReference "Core/HephaestusRuntime" */,
			);
			preferredProjectObjectVersion = 77;
			productRefGroup = 210F77E62F8E4C840000B61B /* Products */;
			projectDirPath = "";
			projectRoot = "";
			targets = (
				210F77E42F8E4C840000B61B /* Hephaestus */,
				210F77F32F8E4C850000B61B /* HephaestusTests */,
				210F77FD2F8E4C850000B61B /* HephaestusUITests */,
			);
		};
/* End PBXProject section */

/* Begin PBXResourcesBuildPhase section */
		210F77E32F8E4C840000B61B /* Resources */ = {
			isa = PBXResourcesBuildPhase;
			buildActionMask = 2147483647;
			files = (
			);
			runOnlyForDeploymentPostprocessing = 0;
		};
		210F77F22F8E4C850000B61B /* Resources */ = {
			isa = PBXResourcesBuildPhase;
			buildActionMask = 2147483647;
			files = (
			);
			runOnlyForDeploymentPostprocessing = 0;
		};
		210F77FC2F8E4C850000B61B /* Resources */ = {
			isa = PBXResourcesBuildPhase;
			buildActionMask = 2147483647;
			files = (
			);
			runOnlyForDeploymentPostprocessing = 0;
		};
/* End PBXResourcesBuildPhase section */

/* Begin PBXSourcesBuildPhase section */
		210F77E12F8E4C840000B61B /* Sources */ = {
			isa = PBXSourcesBuildPhase;
			buildActionMask = 2147483647;
			files = (
			);
			runOnlyForDeploymentPostprocessing = 0;
		};
		210F77F02F8E4C850000B61B /* Sources */ = {
			isa = PBXSourcesBuildPhase;
			buildActionMask = 2147483647;
			files = (
			);
			runOnlyForDeploymentPostprocessing = 0;
		};
		210F77FA2F8E4C850000B61B /* Sources */ = {
			isa = PBXSourcesBuildPhase;
			buildActionMask = 2147483647;
			files = (
			);
			runOnlyForDeploymentPostprocessing = 0;
		};
/* End PBXSourcesBuildPhase section */

/* Begin PBXTargetDependency section */
		210F77F62F8E4C850000B61B /* PBXTargetDependency */ = {
			isa = PBXTargetDependency;
			target = 210F77E42F8E4C840000B61B /* Hephaestus */;
			targetProxy = 210F77F52F8E4C850000B61B /* PBXContainerItemProxy */;
		};
		210F78002F8E4C850000B61B /* PBXTargetDependency */ = {
			isa = PBXTargetDependency;
			target = 210F77E42F8E4C840000B61B /* Hephaestus */;
			targetProxy = 210F77FF2F8E4C850000B61B /* PBXContainerItemProxy */;
		};
/* End PBXTargetDependency section */

/* Begin XCBuildConfiguration section */
		210F78062F8E4C850000B61B /* Debug */ = {
			isa = XCBuildConfiguration;
			buildSettings = {
				ALWAYS_SEARCH_USER_PATHS = NO;
				ASSETCATALOG_COMPILER_GENERATE_SWIFT_ASSET_SYMBOL_EXTENSIONS = YES;
				CLANG_ANALYZER_NONNULL = YES;
				CLANG_ANALYZER_NUMBER_OBJECT_CONVERSION = YES_AGGRESSIVE;
				CLANG_CXX_LANGUAGE_STANDARD = "gnu++20";
				CLANG_ENABLE_MODULES = YES;
				CLANG_ENABLE_OBJC_ARC = YES;
				CLANG_ENABLE_OBJC_WEAK = YES;
				CLANG_WARN_BLOCK_CAPTURE_AUTORELEASING = YES;
				CLANG_WARN_BOOL_CONVERSION = YES;
				CLANG_WARN_COMMA = YES;
				CLANG_WARN_CONSTANT_CONVERSION = YES;
				CLANG_WARN_DEPRECATED_OBJC_IMPLEMENTATIONS = YES;
				CLANG_WARN_DIRECT_OBJC_ISA_USAGE = YES_ERROR;
				CLANG_WARN_DOCUMENTATION_COMMENTS = YES;
				CLANG_WARN_EMPTY_BODY = YES;
				CLANG_WARN_ENUM_CONVERSION = YES;
				CLANG_WARN_INFINITE_RECURSION = YES;
				CLANG_WARN_INT_CONVERSION = YES;
				CLANG_WARN_NON_LITERAL_NULL_CONVERSION = YES;
				CLANG_WARN_OBJC_IMPLICIT_RETAIN_SELF = YES;
				CLANG_WARN_OBJC_LITERAL_CONVERSION = YES;
				CLANG_WARN_OBJC_ROOT_CLASS = YES_ERROR;
				CLANG_WARN_QUOTED_INCLUDE_IN_FRAMEWORK_HEADER = YES;
				CLANG_WARN_RANGE_LOOP_ANALYSIS = YES;
				CLANG_WARN_STRICT_PROTOTYPES = YES;
				CLANG_WARN_SUSPICIOUS_MOVE = YES;
				CLANG_WARN_UNGUARDED_AVAILABILITY = YES_AGGRESSIVE;
				CLANG_WARN_UNREACHABLE_CODE = YES;
				CLANG_WARN__DUPLICATE_METHOD_MATCH = YES;
				COPY_PHASE_STRIP = NO;
				DEBUG_INFORMATION_FORMAT = dwarf;
				DEVELOPMENT_TEAM = HAV2P2JY6H;
				ENABLE_STRICT_OBJC_MSGSEND = YES;
				ENABLE_TESTABILITY = YES;
				ENABLE_USER_SCRIPT_SANDBOXING = YES;
				GCC_C_LANGUAGE_STANDARD = gnu17;
				GCC_DYNAMIC_NO_PIC = NO;
				GCC_NO_COMMON_BLOCKS = YES;
				GCC_OPTIMIZATION_LEVEL = 0;
				GCC_PREPROCESSOR_DEFINITIONS = (
					"DEBUG=1",
					"$(inherited)",
				);
				GCC_WARN_64_TO_32_BIT_CONVERSION = YES;
				GCC_WARN_ABOUT_RETURN_TYPE = YES_ERROR;
				GCC_WARN_UNDECLARED_SELECTOR = YES;
				GCC_WARN_UNINITIALIZED_AUTOS = YES_AGGRESSIVE;
				GCC_WARN_UNUSED_FUNCTION = YES;
				GCC_WARN_UNUSED_VARIABLE = YES;
				LOCALIZATION_PREFERS_STRING_CATALOGS = YES;
				MACOSX_DEPLOYMENT_TARGET = 26.0;
				MTL_ENABLE_DEBUG_INFO = INCLUDE_SOURCE;
				MTL_FAST_MATH = YES;
				ONLY_ACTIVE_ARCH = YES;
				SDKROOT = macosx;
				SWIFT_ACTIVE_COMPILATION_CONDITIONS = "DEBUG $(inherited)";
				SWIFT_OPTIMIZATION_LEVEL = "-Onone";
			};
			name = Debug;
		};
		210F78072F8E4C850000B61B /* Release */ = {
			isa = XCBuildConfiguration;
			buildSettings = {
				ALWAYS_SEARCH_USER_PATHS = NO;
				ASSETCATALOG_COMPILER_GENERATE_SWIFT_ASSET_SYMBOL_EXTENSIONS = YES;
				CLANG_ANALYZER_NONNULL = YES;
				CLANG_ANALYZER_NUMBER_OBJECT_CONVERSION = YES_AGGRESSIVE;
				CLANG_CXX_LANGUAGE_STANDARD = "gnu++20";
				CLANG_ENABLE_MODULES = YES;
				CLANG_ENABLE_OBJC_ARC = YES;
				CLANG_ENABLE_OBJC_WEAK = YES;
				CLANG_WARN_BLOCK_CAPTURE_AUTORELEASING = YES;
				CLANG_WARN_BOOL_CONVERSION = YES;
				CLANG_WARN_COMMA = YES;
				CLANG_WARN_CONSTANT_CONVERSION = YES;
				CLANG_WARN_DEPRECATED_OBJC_IMPLEMENTATIONS = YES;
				CLANG_WARN_DIRECT_OBJC_ISA_USAGE = YES_ERROR;
				CLANG_WARN_DOCUMENTATION_COMMENTS = YES;
				CLANG_WARN_EMPTY_BODY = YES;
				CLANG_WARN_ENUM_CONVERSION = YES;
				CLANG_WARN_INFINITE_RECURSION = YES;
				CLANG_WARN_INT_CONVERSION = YES;
				CLANG_WARN_NON_LITERAL_NULL_CONVERSION = YES;
				CLANG_WARN_OBJC_IMPLICIT_RETAIN_SELF = YES;
				CLANG_WARN_OBJC_LITERAL_CONVERSION = YES;
				CLANG_WARN_OBJC_ROOT_CLASS = YES_ERROR;
				CLANG_WARN_QUOTED_INCLUDE_IN_FRAMEWORK_HEADER = YES;
				CLANG_WARN_RANGE_LOOP_ANALYSIS = YES;
				CLANG_WARN_STRICT_PROTOTYPES = YES;
				CLANG_WARN_SUSPICIOUS_MOVE = YES;
				CLANG_WARN_UNGUARDED_AVAILABILITY = YES_AGGRESSIVE;
				CLANG_WARN_UNREACHABLE_CODE = YES;
				CLANG_WARN__DUPLICATE_METHOD_MATCH = YES;
				COPY_PHASE_STRIP = NO;
				DEBUG_INFORMATION_FORMAT = "dwarf-with-dsym";
				DEVELOPMENT_TEAM = HAV2P2JY6H;
				ENABLE_NS_ASSERTIONS = NO;
				ENABLE_STRICT_OBJC_MSGSEND = YES;
				ENABLE_USER_SCRIPT_SANDBOXING = YES;
				GCC_C_LANGUAGE_STANDARD = gnu17;
				GCC_NO_COMMON_BLOCKS = YES;
				GCC_WARN_64_TO_32_BIT_CONVERSION = YES;
				GCC_WARN_ABOUT_RETURN_TYPE = YES_ERROR;
				GCC_WARN_UNDECLARED_SELECTOR = YES;
				GCC_WARN_UNINITIALIZED_AUTOS = YES_AGGRESSIVE;
				GCC_WARN_UNUSED_FUNCTION = YES;
				GCC_WARN_UNUSED_VARIABLE = YES;
				LOCALIZATION_PREFERS_STRING_CATALOGS = YES;
				MACOSX_DEPLOYMENT_TARGET = 26.0;
				MTL_ENABLE_DEBUG_INFO = NO;
				MTL_FAST_MATH = YES;
				SDKROOT = macosx;
				SWIFT_COMPILATION_MODE = wholemodule;
			};
			name = Release;
		};
		210F78092F8E4C850000B61B /* Debug */ = {
			isa = XCBuildConfiguration;
			buildSettings = {
				ASSETCATALOG_COMPILER_APPICON_NAME = AppIcon;
				ASSETCATALOG_COMPILER_GLOBAL_ACCENT_COLOR_NAME = AccentColor;
				CODE_SIGN_ENTITLEMENTS = Hephaestus/Hephaestus.entitlements;
				CODE_SIGN_STYLE = Manual;
				COMBINE_HIDPI_IMAGES = YES;
				CURRENT_PROJECT_VERSION = 1;
				DEVELOPMENT_TEAM = "";
				ENABLE_APP_SANDBOX = NO;
				ENABLE_HARDENED_RUNTIME = YES;
				ENABLE_PREVIEWS = YES;
				ENABLE_USER_SELECTED_FILES = readonly;
				GENERATE_INFOPLIST_FILE = YES;
				INFOPLIST_KEY_NSHumanReadableCopyright = "";
				LD_RUNPATH_SEARCH_PATHS = (
					"$(inherited)",
					"@executable_path/../Frameworks",
				);
				MACOSX_DEPLOYMENT_TARGET = 26.0;
				MARKETING_VERSION = 1.0;
				PRODUCT_BUNDLE_IDENTIFIER = jsumskas.Hephaestus;
				PRODUCT_NAME = "$(TARGET_NAME)";
				PROVISIONING_PROFILE_SPECIFIER = "";
				REGISTER_APP_GROUPS = YES;
				STRING_CATALOG_GENERATE_SYMBOLS = YES;
				SWIFT_APPROACHABLE_CONCURRENCY = YES;
				SWIFT_DEFAULT_ACTOR_ISOLATION = MainActor;
				SWIFT_EMIT_LOC_STRINGS = YES;
				SWIFT_UPCOMING_FEATURE_MEMBER_IMPORT_VISIBILITY = YES;
				SWIFT_VERSION = 5.0;
			};
			name = Debug;
		};
		210F780A2F8E4C850000B61B /* Release */ = {
			isa = XCBuildConfiguration;
			buildSettings = {
				ASSETCATALOG_COMPILER_APPICON_NAME = AppIcon;
				ASSETCATALOG_COMPILER_GLOBAL_ACCENT_COLOR_NAME = AccentColor;
				CODE_SIGN_ENTITLEMENTS = Hephaestus/Hephaestus.entitlements;
				CODE_SIGN_STYLE = Manual;
				COMBINE_HIDPI_IMAGES = YES;
				CURRENT_PROJECT_VERSION = 1;
				DEVELOPMENT_TEAM = "";
				ENABLE_APP_SANDBOX = NO;
				ENABLE_HARDENED_RUNTIME = YES;
				ENABLE_PREVIEWS = YES;
				ENABLE_USER_SELECTED_FILES = readonly;
				GENERATE_INFOPLIST_FILE = YES;
				INFOPLIST_KEY_NSHumanReadableCopyright = "";
				LD_RUNPATH_SEARCH_PATHS = (
					"$(inherited)",
					"@executable_path/../Frameworks",
				);
				MACOSX_DEPLOYMENT_TARGET = 26.0;
				MARKETING_VERSION = 1.0;
				PRODUCT_BUNDLE_IDENTIFIER = jsumskas.Hephaestus;
				PRODUCT_NAME = "$(TARGET_NAME)";
				PROVISIONING_PROFILE_SPECIFIER = "";
				REGISTER_APP_GROUPS = YES;
				STRING_CATALOG_GENERATE_SYMBOLS = YES;
				SWIFT_APPROACHABLE_CONCURRENCY = YES;
				SWIFT_DEFAULT_ACTOR_ISOLATION = MainActor;
				SWIFT_EMIT_LOC_STRINGS = YES;
				SWIFT_UPCOMING_FEATURE_MEMBER_IMPORT_VISIBILITY = YES;
				SWIFT_VERSION = 5.0;
			};
			name = Release;
		};
		210F780C2F8E4C850000B61B /* Debug */ = {
			isa = XCBuildConfiguration;
			buildSettings = {
				BUNDLE_LOADER = "$(TEST_HOST)";
				CODE_SIGN_IDENTITY = "-";
				CODE_SIGN_STYLE = Manual;
				CURRENT_PROJECT_VERSION = 1;
				DEVELOPMENT_TEAM = "";
				GENERATE_INFOPLIST_FILE = YES;
				MACOSX_DEPLOYMENT_TARGET = 26.0;
				MARKETING_VERSION = 1.0;
				PRODUCT_BUNDLE_IDENTIFIER = jsumskas.HephaestusTests;
				PRODUCT_NAME = "$(TARGET_NAME)";
				STRING_CATALOG_GENERATE_SYMBOLS = NO;
				SWIFT_APPROACHABLE_CONCURRENCY = YES;
				SWIFT_EMIT_LOC_STRINGS = NO;
				SWIFT_UPCOMING_FEATURE_MEMBER_IMPORT_VISIBILITY = YES;
				SWIFT_VERSION = 5.0;
				TEST_HOST = "$(BUILT_PRODUCTS_DIR)/Hephaestus.app/$(BUNDLE_EXECUTABLE_FOLDER_PATH)/Hephaestus";
			};
			name = Debug;
		};
		210F780D2F8E4C850000B61B /* Release */ = {
			isa = XCBuildConfiguration;
			buildSettings = {
				BUNDLE_LOADER = "$(TEST_HOST)";
				CODE_SIGN_IDENTITY = "-";
				CODE_SIGN_STYLE = Manual;
				CURRENT_PROJECT_VERSION = 1;
				DEVELOPMENT_TEAM = "";
				GENERATE_INFOPLIST_FILE = YES;
				MACOSX_DEPLOYMENT_TARGET = 26.0;
				MARKETING_VERSION = 1.0;
				PRODUCT_BUNDLE_IDENTIFIER = jsumskas.HephaestusTests;
				PRODUCT_NAME = "$(TARGET_NAME)";
				STRING_CATALOG_GENERATE_SYMBOLS = NO;
				SWIFT_APPROACHABLE_CONCURRENCY = YES;
				SWIFT_EMIT_LOC_STRINGS = NO;
				SWIFT_UPCOMING_FEATURE_MEMBER_IMPORT_VISIBILITY = YES;
				SWIFT_VERSION = 5.0;
				TEST_HOST = "$(BUILT_PRODUCTS_DIR)/Hephaestus.app/$(BUNDLE_EXECUTABLE_FOLDER_PATH)/Hephaestus";
			};
			name = Release;
		};
		210F780F2F8E4C850000B61B /* Debug */ = {
			isa = XCBuildConfiguration;
			buildSettings = {
				CODE_SIGN_IDENTITY = "-";
				CODE_SIGN_STYLE = Manual;
				CURRENT_PROJECT_VERSION = 1;
				DEVELOPMENT_TEAM = "";
				GENERATE_INFOPLIST_FILE = YES;
				MARKETING_VERSION = 1.0;
				PRODUCT_BUNDLE_IDENTIFIER = jsumskas.HephaestusUITests;
				PRODUCT_NAME = "$(TARGET_NAME)";
				STRING_CATALOG_GENERATE_SYMBOLS = NO;
				SWIFT_APPROACHABLE_CONCURRENCY = YES;
				SWIFT_EMIT_LOC_STRINGS = NO;
				SWIFT_UPCOMING_FEATURE_MEMBER_IMPORT_VISIBILITY = YES;
				SWIFT_VERSION = 5.0;
				TEST_TARGET_NAME = Hephaestus;
			};
			name = Debug;
		};
		210F78102F8E4C850000B61B /* Release */ = {
			isa = XCBuildConfiguration;
			buildSettings = {
				CODE_SIGN_IDENTITY = "-";
				CODE_SIGN_STYLE = Manual;
				CURRENT_PROJECT_VERSION = 1;
				DEVELOPMENT_TEAM = "";
				GENERATE_INFOPLIST_FILE = YES;
				MARKETING_VERSION = 1.0;
				PRODUCT_BUNDLE_IDENTIFIER = jsumskas.HephaestusUITests;
				PRODUCT_NAME = "$(TARGET_NAME)";
				STRING_CATALOG_GENERATE_SYMBOLS = NO;
				SWIFT_APPROACHABLE_CONCURRENCY = YES;
				SWIFT_EMIT_LOC_STRINGS = NO;
				SWIFT_UPCOMING_FEATURE_MEMBER_IMPORT_VISIBILITY = YES;
				SWIFT_VERSION = 5.0;
				TEST_TARGET_NAME = Hephaestus;
			};
			name = Release;
		};
/* End XCBuildConfiguration section */

/* Begin XCConfigurationList section */
		210F77E02F8E4C840000B61B /* Build configuration list for PBXProject "Hephaestus" */ = {
			isa = XCConfigurationList;
			buildConfigurations = (
				210F78062F8E4C850000B61B /* Debug */,
				210F78072F8E4C850000B61B /* Release */,
			);
			defaultConfigurationIsVisible = 0;
			defaultConfigurationName = Release;
		};
		210F78082F8E4C850000B61B /* Build configuration list for PBXNativeTarget "Hephaestus" */ = {
			isa = XCConfigurationList;
			buildConfigurations = (
				210F78092F8E4C850000B61B /* Debug */,
				210F780A2F8E4C850000B61B /* Release */,
			);
			defaultConfigurationIsVisible = 0;
			defaultConfigurationName = Release;
		};
		210F780B2F8E4C850000B61B /* Build configuration list for PBXNativeTarget "HephaestusTests" */ = {
			isa = XCConfigurationList;
			buildConfigurations = (
				210F780C2F8E4C850000B61B /* Debug */,
				210F780D2F8E4C850000B61B /* Release */,
			);
			defaultConfigurationIsVisible = 0;
			defaultConfigurationName = Release;
		};
		210F780E2F8E4C850000B61B /* Build configuration list for PBXNativeTarget "HephaestusUITests" */ = {
			isa = XCConfigurationList;
			buildConfigurations = (
				210F780F2F8E4C850000B61B /* Debug */,
				210F78102F8E4C850000B61B /* Release */,
			);
			defaultConfigurationIsVisible = 0;
			defaultConfigurationName = Release;
		};
/* End XCConfigurationList section */

/* Begin XCLocalSwiftPackageReference section */
		210F78202F8E4C850000B61B /* XCLocalSwiftPackageReference "Anvil/Anvil" */ = {
			isa = XCLocalSwiftPackageReference;
			relativePath = Anvil/Anvil;
		};
		210F78212F8E4C850000B61B /* XCLocalSwiftPackageReference "Features/TaskWorkspaceContracts" */ = {
			isa = XCLocalSwiftPackageReference;
			relativePath = Features/TaskWorkspaceContracts;
		};
		210F78222F8E4C850000B61B /* XCLocalSwiftPackageReference "Features/TaskWorkspaceFeature" */ = {
			isa = XCLocalSwiftPackageReference;
			relativePath = Features/TaskWorkspaceFeature;
		};
		210F78232F8E4C850000B61B /* XCLocalSwiftPackageReference "Core/HephaestusComposition" */ = {
			isa = XCLocalSwiftPackageReference;
			relativePath = Core/HephaestusComposition;
		};
		210F78242F8E4C850000B61B /* XCLocalSwiftPackageReference "Core/HephaestusRuntime" */ = {
			isa = XCLocalSwiftPackageReference;
			relativePath = Core/HephaestusRuntime;
		};
		210F78292F8E4C850000B61B /* XCLocalSwiftPackageReference "Anvil/AnvilTheme" */ = {
			isa = XCLocalSwiftPackageReference;
			relativePath = Anvil/AnvilTheme;
		};
		210F782A2F8E4C850000B61B /* XCLocalSwiftPackageReference "Anvil/AnvilUI" */ = {
			isa = XCLocalSwiftPackageReference;
			relativePath = Anvil/AnvilUI;
		};
/* End XCLocalSwiftPackageReference section */

/* Begin XCSwiftPackageProductDependency section */
		210F78162F8E4C850000B61B /* Anvil */ = {
			isa = XCSwiftPackageProductDependency;
			package = 210F78202F8E4C850000B61B /* XCLocalSwiftPackageReference "Anvil/Anvil" */;
			productName = Anvil;
		};
		210F78172F8E4C850000B61B /* TaskWorkspaceContracts */ = {
			isa = XCSwiftPackageProductDependency;
			package = 210F78212F8E4C850000B61B /* XCLocalSwiftPackageReference "Features/TaskWorkspaceContracts" */;
			productName = TaskWorkspaceContracts;
		};
		210F78182F8E4C850000B61B /* TaskWorkspaceFeature */ = {
			isa = XCSwiftPackageProductDependency;
			package = 210F78222F8E4C850000B61B /* XCLocalSwiftPackageReference "Features/TaskWorkspaceFeature" */;
			productName = TaskWorkspaceFeature;
		};
		210F78192F8E4C850000B61B /* HephaestusComposition */ = {
			isa = XCSwiftPackageProductDependency;
			package = 210F78232F8E4C850000B61B /* XCLocalSwiftPackageReference "Core/HephaestusComposition" */;
			productName = HephaestusComposition;
		};
		210F781A2F8E4C850000B61B /* HephaestusRuntime */ = {
			isa = XCSwiftPackageProductDependency;
			package = 210F78242F8E4C850000B61B /* XCLocalSwiftPackageReference "Core/HephaestusRuntime" */;
			productName = HephaestusRuntime;
		};
		210F78252F8E4C850000B61B /* AnvilTheme */ = {
			isa = XCSwiftPackageProductDependency;
			package = 210F78292F8E4C850000B61B /* XCLocalSwiftPackageReference "Anvil/AnvilTheme" */;
			productName = AnvilTheme;
		};
		210F78262F8E4C850000B61B /* AnvilUI */ = {
			isa = XCSwiftPackageProductDependency;
			package = 210F782A2F8E4C850000B61B /* XCLocalSwiftPackageReference "Anvil/AnvilUI" */;
			productName = AnvilUI;
		};
/* End XCSwiftPackageProductDependency section */
	};
	rootObject = 210F77DD2F8E4C840000B61B /* Project object */;
}
